{
  "originHash" : "5c5d8985c44a0fa444c583692dcf99aaa63d22e2baec2fb98bc9739ceb95764c",
  "pins" : [
    {
      "identity" : "antlr4",
      "kind" : "remoteSourceControl",
      "location" : "https://github.com/antlr/antlr4.git",
      "state" : {
        "revision" : "cc82115a4e7f53d71d9d905caa2c2dfa4da58899",
        "version" : "4.13.2"
      }
    },
    {
      "identity" : "fhirmodels",
      "kind" : "remoteSourceControl",
      "location" : "https://github.com/apple/FHIRModels.git",
      "state" : {
        "revision" : "b7fcf26b818704f489719f8cdd9e270aaab37823",
        "version" : "0.7.0"
      }
    },
    {
      "identity" : "researchkit",
      "kind" : "remoteSourceControl",
      "location" : "https://github.com/StanfordBDHG/ResearchKit.git",
      "state" : {
        "revision" : "a9066441faf920671f0b64cdaebe1e61f64093d4",
        "version" : "3.1.1"
      }
    },
    {
      "identity" : "researchkitonfhir",
      "kind" : "remoteSourceControl",
      "location" : "https://github.com/StanfordBDHG/ResearchKitOnFHIR",
      "state" : {
        "revision" : "962c2f486be0818735211621e28114ab1dc2c977",
        "version" : "2.0.5"
      }
    }
  ],
  "version" : 3
}
